<?xml version="1.0" encoding="utf-8"?>
<Project ToolsVersion="4.0" xmlns="http://schemas.microsoft.com/developer/msbuild/2003">
  <ItemGroup>
    <ClCompile Include="main.cpp" />
  </ItemGroup>
  <ItemGroup>
    <Filter Include="头文件">
      <UniqueIdentifier>{91630783-761f-4f42-8bd6-7e79893027dc}</UniqueIdentifier>
    </Filter>
    <Filter Include="源文件">
      <UniqueIdentifier>{f8b5b821-3169-451e-a585-82e24ccfe584}</UniqueIdentifier>
    </Filter>
    <Filter Include="资源文件">
      <UniqueIdentifier>{7d93641d-b534-476f-8679-4e932fc97af8}</UniqueIdentifier>
    </Filter>
  </ItemGroup>
  <ItemGroup>
    <ClInclude Include="..\..\include\tac\tacfeedmd.h">
      <Filter>头文件</Filter>
    </ClInclude>
    <ClInclude Include="..\..\include\tac\TacFtdcTraderApi.h">
      <Filter>头文件</Filter>
    </ClInclude>
    <ClInclude Include="..\..\include\tac\TacFtdcUserApiDataType.h">
      <Filter>头文件</Filter>
    </ClInclude>
    <ClInclude Include="..\..\include\tac\TacFtdcUserApiStruct.h">
      <Filter>头文件</Filter>
    </ClInclude>
    <ClInclude Include="targetver.h">
      <Filter>头文件</Filter>
    </ClInclude>
  </ItemGroup>
</Project>