<?xml version="1.0" encoding="utf-8"?>
<Project ToolsVersion="4.0" xmlns="http://schemas.microsoft.com/developer/msbuild/2003">
  <ItemGroup>
    <ClCompile Include="main.cpp" />
    <ClCompile Include="vntactd.cpp" />
  </ItemGroup>
  <ItemGroup>
    <Filter Include="头文件">
      <UniqueIdentifier>{91630783-761f-4f42-8bd6-7e79893027dc}</UniqueIdentifier>
    </Filter>
    <Filter Include="源文件">
      <UniqueIdentifier>{f8b5b821-3169-451e-a585-82e24ccfe584}</UniqueIdentifier>
    </Filter>
    <Filter Include="资源文件">
      <UniqueIdentifier>{7d93641d-b534-476f-8679-4e932fc97af8}</UniqueIdentifier>
    </Filter>
    <Filter Include="头文件\pybind11">
      <UniqueIdentifier>{252f7273-e8af-4551-9f0d-b3b890653f0a}</UniqueIdentifier>
    </Filter>
  </ItemGroup>
  <ItemGroup>
    <ClInclude Include="..\..\include\tac\tacfeedmd.h">
      <Filter>头文件</Filter>
    </ClInclude>
    <ClInclude Include="..\..\include\tac\TacFtdcTraderApi.h">
      <Filter>头文件</Filter>
    </ClInclude>
    <ClInclude Include="..\..\include\tac\TacFtdcUserApiDataType.h">
      <Filter>头文件</Filter>
    </ClInclude>
    <ClInclude Include="..\..\include\tac\TacFtdcUserApiStruct.h">
      <Filter>头文件</Filter>
    </ClInclude>
    <ClInclude Include="targetver.h">
      <Filter>头文件</Filter>
    </ClInclude>
    <ClInclude Include="..\vntac.h">
      <Filter>头文件</Filter>
    </ClInclude>
    <ClInclude Include="vntactd.h">
      <Filter>头文件</Filter>
    </ClInclude>
    <ClInclude Include="include\pybind11\attr.h">
      <Filter>头文件\pybind11</Filter>
    </ClInclude>
    <ClInclude Include="include\pybind11\buffer_info.h">
      <Filter>头文件\pybind11</Filter>
    </ClInclude>
    <ClInclude Include="include\pybind11\cast.h">
      <Filter>头文件\pybind11</Filter>
    </ClInclude>
    <ClInclude Include="include\pybind11\chrono.h">
      <Filter>头文件\pybind11</Filter>
    </ClInclude>
    <ClInclude Include="include\pybind11\common.h">
      <Filter>头文件\pybind11</Filter>
    </ClInclude>
    <ClInclude Include="include\pybind11\complex.h">
      <Filter>头文件\pybind11</Filter>
    </ClInclude>
    <ClInclude Include="include\pybind11\eigen.h">
      <Filter>头文件\pybind11</Filter>
    </ClInclude>
    <ClInclude Include="include\pybind11\embed.h">
      <Filter>头文件\pybind11</Filter>
    </ClInclude>
    <ClInclude Include="include\pybind11\eval.h">
      <Filter>头文件\pybind11</Filter>
    </ClInclude>
    <ClInclude Include="include\pybind11\functional.h">
      <Filter>头文件\pybind11</Filter>
    </ClInclude>
    <ClInclude Include="include\pybind11\iostream.h">
      <Filter>头文件\pybind11</Filter>
    </ClInclude>
    <ClInclude Include="include\pybind11\numpy.h">
      <Filter>头文件\pybind11</Filter>
    </ClInclude>
    <ClInclude Include="include\pybind11\operators.h">
      <Filter>头文件\pybind11</Filter>
    </ClInclude>
    <ClInclude Include="include\pybind11\options.h">
      <Filter>头文件\pybind11</Filter>
    </ClInclude>
    <ClInclude Include="include\pybind11\pybind11.h">
      <Filter>头文件\pybind11</Filter>
    </ClInclude>
    <ClInclude Include="include\pybind11\pytypes.h">
      <Filter>头文件\pybind11</Filter>
    </ClInclude>
    <ClInclude Include="include\pybind11\stl.h">
      <Filter>头文件\pybind11</Filter>
    </ClInclude>
    <ClInclude Include="include\pybind11\stl_bind.h">
      <Filter>头文件\pybind11</Filter>
    </ClInclude>
    <ClInclude Include="include\pybind11\detail\class.h">
      <Filter>头文件\pybind11</Filter>
    </ClInclude>
    <ClInclude Include="include\pybind11\detail\common.h">
      <Filter>头文件\pybind11</Filter>
    </ClInclude>
    <ClInclude Include="include\pybind11\detail\descr.h">
      <Filter>头文件\pybind11</Filter>
    </ClInclude>
    <ClInclude Include="include\pybind11\detail\init.h">
      <Filter>头文件\pybind11</Filter>
    </ClInclude>
    <ClInclude Include="include\pybind11\detail\internals.h">
      <Filter>头文件\pybind11</Filter>
    </ClInclude>
    <ClInclude Include="include\pybind11\detail\typeid.h">
      <Filter>头文件\pybind11</Filter>
    </ClInclude>
  </ItemGroup>
  <ItemGroup>
    <Library Include="libtacfeedmd.so">
      <Filter>资源文件</Filter>
    </Library>
    <Library Include="libtactraderapi.so">
      <Filter>资源文件</Filter>
    </Library>
  </ItemGroup>
</Project>